
Microsoft Visual Studio Solution File, Format Version 12.00
# Visual Studio Version 17
VisualStudioVersion = 17.1.32328.378
MinimumVisualStudioVersion = 10.0.40219.1
Project("{FAE04EC0-301F-11D3-BF4B-00C04F79EFBC}") = "Tarczynews", "Tarczynews.csproj", "{B403E2AA-6474-4EBC-979E-D8BBB4FAF03E}"
EndProject
Global
	GlobalSection(SolutionConfigurationPlatforms) = preSolution
		Debug|Any CPU = Debug|Any CPU
		Release|Any CPU = Release|Any CPU
	EndGlobalSection
	GlobalSection(ProjectConfigurationPlatforms) = postSolution
		{B403E2AA-6474-4EBC-979E-D8BBB4FAF03E}.Debug|Any CPU.ActiveCfg = Debug|Any CPU
		{B403E2AA-6474-4EBC-979E-D8BBB4FAF03E}.Debug|Any CPU.Build.0 = Debug|Any CPU
		{B403E2AA-6474-4EBC-979E-D8BBB4FAF03E}.Release|Any CPU.ActiveCfg = Release|Any CPU
		{B403E2AA-6474-4EBC-979E-D8BBB4FAF03E}.Release|Any CPU.Build.0 = Release|Any CPU
	EndGlobalSection
	GlobalSection(SolutionProperties) = preSolution
		HideSolutionNode = FALSE
	EndGlobalSection
	GlobalSection(ExtensibilityGlobals) = postSolution
		SolutionGuid = {8FB6C8AC-B05A-4669-BAB0-A019B7798DE6}
	EndGlobalSection
EndGlobal
